
Microsoft Visual Studio Solution File, Format Version 12.00
# Visual Studio Version 17
VisualStudioVersion = 17.9.34622.214
MinimumVisualStudioVersion = 10.0.40219.1
Project("{FAE04EC0-301F-11D3-BF4B-00C04F79EFBC}") = "Model Paper", "Model Paper\Model Paper.csproj", "{EC5912B3-35B4-4527-AB69-34EE1348E005}"
EndProject
Global
	GlobalSection(SolutionConfigurationPlatforms) = preSolution
		Debug|Any CPU = Debug|Any CPU
		Release|Any CPU = Release|Any CPU
	EndGlobalSection
	GlobalSection(ProjectConfigurationPlatforms) = postSolution
		{EC5912B3-35B4-4527-AB69-34EE1348E005}.Debug|Any CPU.ActiveCfg = Debug|Any CPU
		{EC5912B3-35B4-4527-AB69-34EE1348E005}.Debug|Any CPU.Build.0 = Debug|Any CPU
		{EC5912B3-35B4-4527-AB69-34EE1348E005}.Release|Any CPU.ActiveCfg = Release|Any CPU
		{EC5912B3-35B4-4527-AB69-34EE1348E005}.Release|Any CPU.Build.0 = Release|Any CPU
	EndGlobalSection
	GlobalSection(SolutionProperties) = preSolution
		HideSolutionNode = FALSE
	EndGlobalSection
	GlobalSection(ExtensibilityGlobals) = postSolution
		SolutionGuid = {782D4FEE-6F01-495E-B355-D40664C5ADD9}
	EndGlobalSection
EndGlobal
